// !$*UTF8*$!
{
	archiveVersion = 1;
	classes = {
	};
	objectVersion = 46;
	objects = {

/* Begin PBXBuildFile section */
		3CA467471EAE1A2600D54D8F /* AppDelegate.swift in Sources */ = {isa = PBXBuildFile; fileRef = 3CA467461EAE1A2600D54D8F /* AppDelegate.swift */; };
		3CA467491EAE1A2600D54D8F /* ViewController.swift in Sources */ = {isa = PBXBuildFile; fileRef = 3CA467481EAE1A2600D54D8F /* ViewController.swift */; };
		3CA4674C1EAE1A2600D54D8F /* Main.storyboard in Resources */ = {isa = PBXBuildFile; fileRef = 3CA4674A1EAE1A2600D54D8F /* Main.storyboard */; };
		3CA4674E1EAE1A2600D54D8F /* Assets.xcassets in Resources */ = {isa = PBXBuildFile; fileRef = 3CA4674D1EAE1A2600D54D8F /* Assets.xcassets */; };
		3CA467511EAE1A2600D54D8F /* LaunchScreen.storyboard in Resources */ = {isa = PBXBuildFile; fileRef = 3CA4674F1EAE1A2600D54D8F /* LaunchScreen.storyboard */; };
		3CA4675C1EAE1A2700D54D8F /* King_DemoTests.swift in Sources */ = {isa = PBXBuildFile; fileRef = 3CA4675B1EAE1A2700D54D8F /* King_DemoTests.swift */; };
		3CA467671EAE1A2700D54D8F /* King_DemoUITests.swift in Sources */ = {isa = PBXBuildFile; fileRef = 3CA467661EAE1A2700D54D8F /* King_DemoUITests.swift */; };
/* End PBXBuildFile section */

/* Begin PBXContainerItemProxy section */
		3CA467581EAE1A2700D54D8F /* PBXContainerItemProxy */ = {
			isa = PBXContainerItemProxy;
			containerPortal = 3CA4673B1EAE1A2600D54D8F /* Project object */;
			proxyType = 1;
			remoteGlobalIDString = 3CA467421EAE1A2600D54D8F;
			remoteInfo = King_Demo;
		};
		3CA467631EAE1A2700D54D8F /* PBXContainerItemProxy */ = {
			isa = PBXContainerItemProxy;
			containerPortal = 3CA4673B1EAE1A2600D54D8F /* Project object */;
			proxyType = 1;
			remoteGlobalIDString = 3CA467421EAE1A2600D54D8F;
			remoteInfo = King_Demo;
		};
/* End PBXContainerItemProxy section */

/* Begin PBXFileReference section */
		3CA467431EAE1A2600D54D8F /* King_Demo.app */ = {isa = PBXFileReference; explicitFileType = wrapper.application; includeInIndex = 0; path = King_Demo.app; sourceTree = BUILT_PRODUCTS_DIR; };
		3CA467461EAE1A2600D54D8F /* AppDelegate.swift */ = {isa = PBXFileReference; lastKnownFileType = sourcecode.swift; path = AppDelegate.swift; sourceTree = "<group>"; };
		3CA467481EAE1A2600D54D8F /* ViewController.swift */ = {isa = PBXFileReference; lastKnownFileType = sourcecode.swift; path = ViewController.swift; sourceTree = "<group>"; };
		3CA4674B1EAE1A2600D54D8F /* Base */ = {isa = PBXFileReference; lastKnownFileType = file.storyboard; name = Base; path = Base.lproj/Main.storyboard; sourceTree = "<group>"; };
		3CA4674D1EAE1A2600D54D8F /* Assets.xcassets */ = {isa = PBXFileReference; lastKnownFileType = folder.assetcatalog; path = Assets.xcassets; sourceTree = "<group>"; };
		3CA467501EAE1A2600D54D8F /* Base */ = {isa = PBXFileReference; lastKnownFileType = file.storyboard; name = Base; path = Base.lproj/LaunchScreen.storyboard; sourceTree = "<group>"; };
		3CA467521EAE1A2600D54D8F /* Info.plist */ = {isa = PBXFileReference; lastKnownFileType = text.plist.xml; path = Info.plist; sourceTree = "<group>"; };
		3CA467571EAE1A2700D54D8F /* King_DemoTests.xctest */ = {isa = PBXFileReference; explicitFileType = wrapper.cfbundle; includeInIndex = 0; path = King_DemoTests.xctest; sourceTree = BUILT_PRODUCTS_DIR; };
		3CA4675B1EAE1A2700D54D8F /* King_DemoTests.swift */ = {isa = PBXFileReference; lastKnownFileType = sourcecode.swift; path = King_DemoTests.swift; sourceTree = "<group>"; };
		3CA4675D1EAE1A2700D54D8F /* Info.plist */ = {isa = PBXFileReference; lastKnownFileType = text.plist.xml; path = Info.plist; sourceTree = "<group>"; };
		3CA467621EAE1A2700D54D8F /* King_DemoUITests.xctest */ = {isa = PBXFileReference; explicitFileType = wrapper.cfbundle; includeInIndex = 0; path = King_DemoUITests.xctest; sourceTree = BUILT_PRODUCTS_DIR; };
		3CA467661EAE1A2700D54D8F /* King_DemoUITests.swift */ = {isa = PBXFileReference; lastKnownFileType = sourcecode.swift; path = King_DemoUITests.swift; sourceTree = "<group>"; };
		3CA467681EAE1A2700D54D8F /* Info.plist */ = {isa = PBXFileReference; lastKnownFileType = text.plist.xml; path = Info.plist; sourceTree = "<group>"; };
/* End PBXFileReference section */

/* Begin PBXFrameworksBuildPhase section */
		3CA467401EAE1A2600D54D8F /* Frameworks */ = {
			isa = PBXFrameworksBuildPhase;
			buildActionMask = 2147483647;
			files = (
			);
			runOnlyForDeploymentPostprocessing = 0;
		};
		3CA467541EAE1A2700D54D8F /* Frameworks */ = {
			isa = PBXFrameworksBuildPhase;
			buildActionMask = 2147483647;
			files = (
			);
			runOnlyForDeploymentPostprocessing = 0;
		};
		3CA4675F1EAE1A2700D54D8F /* Frameworks */ = {
			isa = PBXFrameworksBuildPhase;
			buildActionMask = 2147483647;
			files = (
			);
			runOnlyForDeploymentPostprocessing = 0;
		};
/* End PBXFrameworksBuildPhase section */

/* Begin PBXGroup section */
		3CA4673A1EAE1A2600D54D8F = {
			isa = PBXGroup;
			children = (
				3CA467451EAE1A2600D54D8F /* King_Demo */,
				3CA4675A1EAE1A2700D54D8F /* King_DemoTests */,
				3CA467651EAE1A2700D54D8F /* King_DemoUITests */,
				3CA467441EAE1A2600D54D8F /* Products */,
			);
			sourceTree = "<group>";
		};
		3CA467441EAE1A2600D54D8F /* Products */ = {
			isa = PBXGroup;
			children = (
				3CA467431EAE1A2600D54D8F /* King_Demo.app */,
				3CA467571EAE1A2700D54D8F /* King_DemoTests.xctest */,
				3CA467621EAE1A2700D54D8F /* King_DemoUITests.xctest */,
			);
			name = Products;
			sourceTree = "<group>";
		};
		3CA467451EAE1A2600D54D8F /* King_Demo */ = {
			isa = PBXGroup;
			children = (
				3CA467461EAE1A2600D54D8F /* AppDelegate.swift */,
				3CA467481EAE1A2600D54D8F /* ViewController.swift */,
				3CA4674A1EAE1A2600D54D8F /* Main.storyboard */,
				3CA4674D1EAE1A2600D54D8F /* Assets.xcassets */,
				3CA4674F1EAE1A2600D54D8F /* LaunchScreen.storyboard */,
				3CA467521EAE1A2600D54D8F /* Info.plist */,
			);
			path = King_Demo;
			sourceTree = "<group>";
		};
		3CA4675A1EAE1A2700D54D8F /* King_DemoTests */ = {
			isa = PBXGroup;
			children = (
				3CA4675B1EAE1A2700D54D8F /* King_DemoTests.swift */,
				3CA4675D1EAE1A2700D54D8F /* Info.plist */,
			);
			path = King_DemoTests;
			sourceTree = "<group>";
		};
		3CA467651EAE1A2700D54D8F /* King_DemoUITests */ = {
			isa = PBXGroup;
			children = (
				3CA467661EAE1A2700D54D8F /* King_DemoUITests.swift */,
				3CA467681EAE1A2700D54D8F /* Info.plist */,
			);
			path = King_DemoUITests;
			sourceTree = "<group>";
		};
/* End PBXGroup section */

/* Begin PBXNativeTarget section */
		3CA467421EAE1A2600D54D8F /* King_Demo */ = {
			isa = PBXNativeTarget;
			buildConfigurationList = 3CA4676B1EAE1A2700D54D8F /* Build configuration list for PBXNativeTarget "King_Demo" */;
			buildPhases = (
				3CA4673F1EAE1A2600D54D8F /* Sources */,
				3CA467401EAE1A2600D54D8F /* Frameworks */,
				3CA467411EAE1A2600D54D8F /* Resources */,
			);
			buildRules = (
			);
			dependencies = (
			);
			name = King_Demo;
			productName = King_Demo;
			productReference = 3CA467431EAE1A2600D54D8F /* King_Demo.app */;
			productType = "com.apple.product-type.application";
		};
		3CA467561EAE1A2700D54D8F /* King_DemoTests */ = {
			isa = PBXNativeTarget;
			buildConfigurationList = 3CA4676E1EAE1A2700D54D8F /* Build configuration list for PBXNativeTarget "King_DemoTests" */;
			buildPhases = (
				3CA467531EAE1A2700D54D8F /* Sources */,
				3CA467541EAE1A2700D54D8F /* Frameworks */,
				3CA467551EAE1A2700D54D8F /* Resources */,
			);
			buildRules = (
			);
			dependencies = (
				3CA467591EAE1A2700D54D8F /* PBXTargetDependency */,
			);
			name = King_DemoTests;
			productName = King_DemoTests;
			productReference = 3CA467571EAE1A2700D54D8F /* King_DemoTests.xctest */;
			productType = "com.apple.product-type.bundle.unit-test";
		};
		3CA467611EAE1A2700D54D8F /* King_DemoUITests */ = {
			isa = PBXNativeTarget;
			buildConfigurationList = 3CA467711EAE1A2700D54D8F /* Build configuration list for PBXNativeTarget "King_DemoUITests" */;
			buildPhases = (
				3CA4675E1EAE1A2700D54D8F /* Sources */,
				3CA4675F1EAE1A2700D54D8F /* Frameworks */,
				3CA467601EAE1A2700D54D8F /* Resources */,
			);
			buildRules = (
			);
			dependencies = (
				3CA467641EAE1A2700D54D8F /* PBXTargetDependency */,
			);
			name = King_DemoUITests;
			productName = King_DemoUITests;
			productReference = 3CA467621EAE1A2700D54D8F /* King_DemoUITests.xctest */;
			productType = "com.apple.product-type.bundle.ui-testing";
		};
/* End PBXNativeTarget section */

/* Begin PBXProject section */
		3CA4673B1EAE1A2600D54D8F /* Project object */ = {
			isa = PBXProject;
			attributes = {
				LastSwiftUpdateCheck = 0820;
				LastUpgradeCheck = 0820;
				ORGANIZATIONNAME = "King Chen";
				TargetAttributes = {
					3CA467421EAE1A2600D54D8F = {
						CreatedOnToolsVersion = 8.2.1;
						ProvisioningStyle = Automatic;
					};
					3CA467561EAE1A2700D54D8F = {
						CreatedOnToolsVersion = 8.2.1;
						ProvisioningStyle = Automatic;
						TestTargetID = 3CA467421EAE1A2600D54D8F;
					};
					3CA467611EAE1A2700D54D8F = {
						CreatedOnToolsVersion = 8.2.1;
						ProvisioningStyle = Automatic;
						TestTargetID = 3CA467421EAE1A2600D54D8F;
					};
				};
			};
			buildConfigurationList = 3CA4673E1EAE1A2600D54D8F /* Build configuration list for PBXProject "King_Demo" */;
			compatibilityVersion = "Xcode 3.2";
			developmentRegion = English;
			hasScannedForEncodings = 0;
			knownRegions = (
				en,
				Base,
			);
			mainGroup = 3CA4673A1EAE1A2600D54D8F;
			productRefGroup = 3CA467441EAE1A2600D54D8F /* Products */;
			projectDirPath = "";
			projectRoot = "";
			targets = (
				3CA467421EAE1A2600D54D8F /* King_Demo */,
				3CA467561EAE1A2700D54D8F /* King_DemoTests */,
				3CA467611EAE1A2700D54D8F /* King_DemoUITests */,
			);
		};
/* End PBXProject section */

/* Begin PBXResourcesBuildPhase section */
		3CA467411EAE1A2600D54D8F /* Resources */ = {
			isa = PBXResourcesBuildPhase;
			buildActionMask = 2147483647;
			files = (
				3CA467511EAE1A2600D54D8F /* LaunchScreen.storyboard in Resources */,
				3CA4674E1EAE1A2600D54D8F /* Assets.xcassets in Resources */,
				3CA4674C1EAE1A2600D54D8F /* Main.storyboard in Resources */,
			);
			runOnlyForDeploymentPostprocessing = 0;
		};
		3CA467551EAE1A2700D54D8F /* Resources */ = {
			isa = PBXResourcesBuildPhase;
			buildActionMask = 2147483647;
			files = (
			);
			runOnlyForDeploymentPostprocessing = 0;
		};
		3CA467601EAE1A2700D54D8F /* Resources */ = {
			isa = PBXResourcesBuildPhase;
			buildActionMask = 2147483647;
			files = (
			);
			runOnlyForDeploymentPostprocessing = 0;
		};
/* End PBXResourcesBuildPhase section */

/* Begin PBXSourcesBuildPhase section */
		3CA4673F1EAE1A2600D54D8F /* Sources */ = {
			isa = PBXSourcesBuildPhase;
			buildActionMask = 2147483647;
			files = (
				3CA467491EAE1A2600D54D8F /* ViewController.swift in Sources */,
				3CA467471EAE1A2600D54D8F /* AppDelegate.swift in Sources */,
			);
			runOnlyForDeploymentPostprocessing = 0;
		};
		3CA467531EAE1A2700D54D8F /* Sources */ = {
			isa = PBXSourcesBuildPhase;
			buildActionMask = 2147483647;
			files = (
				3CA4675C1EAE1A2700D54D8F /* King_DemoTests.swift in Sources */,
			);
			runOnlyForDeploymentPostprocessing = 0;
		};
		3CA4675E1EAE1A2700D54D8F /* Sources */ = {
			isa = PBXSourcesBuildPhase;
			buildActionMask = 2147483647;
			files = (
				3CA467671EAE1A2700D54D8F /* King_DemoUITests.swift in Sources */,
			);
			runOnlyForDeploymentPostprocessing = 0;
		};
/* End PBXSourcesBuildPhase section */

/* Begin PBXTargetDependency section */
		3CA467591EAE1A2700D54D8F /* PBXTargetDependency */ = {
			isa = PBXTargetDependency;
			target = 3CA467421EAE1A2600D54D8F /* King_Demo */;
			targetProxy = 3CA467581EAE1A2700D54D8F /* PBXContainerItemProxy */;
		};
		3CA467641EAE1A2700D54D8F /* PBXTargetDependency */ = {
			isa = PBXTargetDependency;
			target = 3CA467421EAE1A2600D54D8F /* King_Demo */;
			targetProxy = 3CA467631EAE1A2700D54D8F /* PBXContainerItemProxy */;
		};
/* End PBXTargetDependency section */

/* Begin PBXVariantGroup section */
		3CA4674A1EAE1A2600D54D8F /* Main.storyboard */ = {
			isa = PBXVariantGroup;
			children = (
				3CA4674B1EAE1A2600D54D8F /* Base */,
			);
			name = Main.storyboard;
			sourceTree = "<group>";
		};
		3CA4674F1EAE1A2600D54D8F /* LaunchScreen.storyboard */ = {
			isa = PBXVariantGroup;
			children = (
				3CA467501EAE1A2600D54D8F /* Base */,
			);
			name = LaunchScreen.storyboard;
			sourceTree = "<group>";
		};
/* End PBXVariantGroup section */

/* Begin XCBuildConfiguration section */
		3CA467691EAE1A2700D54D8F /* Debug */ = {
			isa = XCBuildConfiguration;
			buildSettings = {
				ALWAYS_SEARCH_USER_PATHS = NO;
				CLANG_ANALYZER_NONNULL = YES;
				CLANG_CXX_LANGUAGE_STANDARD = "gnu++0x";
				CLANG_CXX_LIBRARY = "libc++";
				CLANG_ENABLE_MODULES = YES;
				CLANG_ENABLE_OBJC_ARC = YES;
				CLANG_WARN_BOOL_CONVERSION = YES;
				CLANG_WARN_CONSTANT_CONVERSION = YES;
				CLANG_WARN_DIRECT_OBJC_ISA_USAGE = YES_ERROR;
				CLANG_WARN_DOCUMENTATION_COMMENTS = YES;
				CLANG_WARN_EMPTY_BODY = YES;
				CLANG_WARN_ENUM_CONVERSION = YES;
				CLANG_WARN_INFINITE_RECURSION = YES;
				CLANG_WARN_INT_CONVERSION = YES;
				CLANG_WARN_OBJC_ROOT_CLASS = YES_ERROR;
				CLANG_WARN_SUSPICIOUS_MOVE = YES;
				CLANG_WARN_UNREACHABLE_CODE = YES;
				CLANG_WARN__DUPLICATE_METHOD_MATCH = YES;
				"CODE_SIGN_IDENTITY[sdk=iphoneos*]" = "iPhone Developer";
				COPY_PHASE_STRIP = NO;
				DEBUG_INFORMATION_FORMAT = dwarf;
				ENABLE_STRICT_OBJC_MSGSEND = YES;
				ENABLE_TESTABILITY = YES;
				GCC_C_LANGUAGE_STANDARD = gnu99;
				GCC_DYNAMIC_NO_PIC = NO;
				GCC_NO_COMMON_BLOCKS = YES;
				GCC_OPTIMIZATION_LEVEL = 0;
				GCC_PREPROCESSOR_DEFINITIONS = (
					"DEBUG=1",
					"$(inherited)",
				);
				GCC_WARN_64_TO_32_BIT_CONVERSION = YES;
				GCC_WARN_ABOUT_RETURN_TYPE = YES_ERROR;
				GCC_WARN_UNDECLARED_SELECTOR = YES;
				GCC_WARN_UNINITIALIZED_AUTOS = YES_AGGRESSIVE;
				GCC_WARN_UNUSED_FUNCTION = YES;
				GCC_WARN_UNUSED_VARIABLE = YES;
				IPHONEOS_DEPLOYMENT_TARGET = 10.2;
				MTL_ENABLE_DEBUG_INFO = YES;
				ONLY_ACTIVE_ARCH = YES;
				SDKROOT = iphoneos;
				SWIFT_ACTIVE_COMPILATION_CONDITIONS = DEBUG;
				SWIFT_OPTIMIZATION_LEVEL = "-Onone";
			};
			name = Debug;
		};
		3CA4676A1EAE1A2700D54D8F /* Release */ = {
			isa = XCBuildConfiguration;
			buildSettings = {
				ALWAYS_SEARCH_USER_PATHS = NO;
				CLANG_ANALYZER_NONNULL = YES;
				CLANG_CXX_LANGUAGE_STANDARD = "gnu++0x";
				CLANG_CXX_LIBRARY = "libc++";
				CLANG_ENABLE_MODULES = YES;
				CLANG_ENABLE_OBJC_ARC = YES;
				CLANG_WARN_BOOL_CONVERSION = YES;
				CLANG_WARN_CONSTANT_CONVERSION = YES;
				CLANG_WARN_DIRECT_OBJC_ISA_USAGE = YES_ERROR;
				CLANG_WARN_DOCUMENTATION_COMMENTS = YES;
				CLANG_WARN_EMPTY_BODY = YES;
				CLANG_WARN_ENUM_CONVERSION = YES;
				CLANG_WARN_INFINITE_RECURSION = YES;
				CLANG_WARN_INT_CONVERSION = YES;
				CLANG_WARN_OBJC_ROOT_CLASS = YES_ERROR;
				CLANG_WARN_SUSPICIOUS_MOVE = YES;
				CLANG_WARN_UNREACHABLE_CODE = YES;
				CLANG_WARN__DUPLICATE_METHOD_MATCH = YES;
				"CODE_SIGN_IDENTITY[sdk=iphoneos*]" = "iPhone Developer";
				COPY_PHASE_STRIP = NO;
				DEBUG_INFORMATION_FORMAT = "dwarf-with-dsym";
				ENABLE_NS_ASSERTIONS = NO;
				ENABLE_STRICT_OBJC_MSGSEND = YES;
				GCC_C_LANGUAGE_STANDARD = gnu99;
				GCC_NO_COMMON_BLOCKS = YES;
				GCC_WARN_64_TO_32_BIT_CONVERSION = YES;
				GCC_WARN_ABOUT_RETURN_TYPE = YES_ERROR;
				GCC_WARN_UNDECLARED_SELECTOR = YES;
				GCC_WARN_UNINITIALIZED_AUTOS = YES_AGGRESSIVE;
				GCC_WARN_UNUSED_FUNCTION = YES;
				GCC_WARN_UNUSED_VARIABLE = YES;
				IPHONEOS_DEPLOYMENT_TARGET = 10.2;
				MTL_ENABLE_DEBUG_INFO = NO;
				SDKROOT = iphoneos;
				SWIFT_OPTIMIZATION_LEVEL = "-Owholemodule";
				VALIDATE_PRODUCT = YES;
			};
			name = Release;
		};
		3CA4676C1EAE1A2700D54D8F /* Debug */ = {
			isa = XCBuildConfiguration;
			buildSettings = {
				ASSETCATALOG_COMPILER_APPICON_NAME = AppIcon;
				INFOPLIST_FILE = King_Demo/Info.plist;
				LD_RUNPATH_SEARCH_PATHS = "$(inherited) @executable_path/Frameworks";
				PRODUCT_BUNDLE_IDENTIFIER = "CHEM.King-Demo.King-Demo";
				PRODUCT_NAME = "$(TARGET_NAME)";
				SWIFT_VERSION = 3.0;
			};
			name = Debug;
		};
		3CA4676D1EAE1A2700D54D8F /* Release */ = {
			isa = XCBuildConfiguration;
			buildSettings = {
				ASSETCATALOG_COMPILER_APPICON_NAME = AppIcon;
				INFOPLIST_FILE = King_Demo/Info.plist;
				LD_RUNPATH_SEARCH_PATHS = "$(inherited) @executable_path/Frameworks";
				PRODUCT_BUNDLE_IDENTIFIER = "CHEM.King-Demo.King-Demo";
				PRODUCT_NAME = "$(TARGET_NAME)";
				SWIFT_VERSION = 3.0;
			};
			name = Release;
		};
		3CA4676F1EAE1A2700D54D8F /* Debug */ = {
			isa = XCBuildConfiguration;
			buildSettings = {
				ALWAYS_EMBED_SWIFT_STANDARD_LIBRARIES = YES;
				BUNDLE_LOADER = "$(TEST_HOST)";
				INFOPLIST_FILE = King_DemoTests/Info.plist;
				LD_RUNPATH_SEARCH_PATHS = "$(inherited) @executable_path/Frameworks @loader_path/Frameworks";
				PRODUCT_BUNDLE_IDENTIFIER = "CHEM.King-Demo.King-DemoTests";
				PRODUCT_NAME = "$(TARGET_NAME)";
				SWIFT_VERSION = 3.0;
				TEST_HOST = "$(BUILT_PRODUCTS_DIR)/King_Demo.app/King_Demo";
			};
			name = Debug;
		};
		3CA467701EAE1A2700D54D8F /* Release */ = {
			isa = XCBuildConfiguration;
			buildSettings = {
				ALWAYS_EMBED_SWIFT_STANDARD_LIBRARIES = YES;
				BUNDLE_LOADER = "$(TEST_HOST)";
				INFOPLIST_FILE = King_DemoTests/Info.plist;
				LD_RUNPATH_SEARCH_PATHS = "$(inherited) @executable_path/Frameworks @loader_path/Frameworks";
				PRODUCT_BUNDLE_IDENTIFIER = "CHEM.King-Demo.King-DemoTests";
				PRODUCT_NAME = "$(TARGET_NAME)";
				SWIFT_VERSION = 3.0;
				TEST_HOST = "$(BUILT_PRODUCTS_DIR)/King_Demo.app/King_Demo";
			};
			name = Release;
		};
		3CA467721EAE1A2700D54D8F /* Debug */ = {
			isa = XCBuildConfiguration;
			buildSettings = {
				ALWAYS_EMBED_SWIFT_STANDARD_LIBRARIES = YES;
				INFOPLIST_FILE = King_DemoUITests/Info.plist;
				LD_RUNPATH_SEARCH_PATHS = "$(inherited) @executable_path/Frameworks @loader_path/Frameworks";
				PRODUCT_BUNDLE_IDENTIFIER = "CHEM.King-Demo.King-DemoUITests";
				PRODUCT_NAME = "$(TARGET_NAME)";
				SWIFT_VERSION = 3.0;
				TEST_TARGET_NAME = King_Demo;
			};
			name = Debug;
		};
		3CA467731EAE1A2700D54D8F /* Release */ = {
			isa = XCBuildConfiguration;
			buildSettings = {
				ALWAYS_EMBED_SWIFT_STANDARD_LIBRARIES = YES;
				INFOPLIST_FILE = King_DemoUITests/Info.plist;
				LD_RUNPATH_SEARCH_PATHS = "$(inherited) @executable_path/Frameworks @loader_path/Frameworks";
				PRODUCT_BUNDLE_IDENTIFIER = "CHEM.King-Demo.King-DemoUITests";
				PRODUCT_NAME = "$(TARGET_NAME)";
				SWIFT_VERSION = 3.0;
				TEST_TARGET_NAME = King_Demo;
			};
			name = Release;
		};
/* End XCBuildConfiguration section */

/* Begin XCConfigurationList section */
		3CA4673E1EAE1A2600D54D8F /* Build configuration list for PBXProject "King_Demo" */ = {
			isa = XCConfigurationList;
			buildConfigurations = (
				3CA467691EAE1A2700D54D8F /* Debug */,
				3CA4676A1EAE1A2700D54D8F /* Release */,
			);
			defaultConfigurationIsVisible = 0;
			defaultConfigurationName = Release;
		};
		3CA4676B1EAE1A2700D54D8F /* Build configuration list for PBXNativeTarget "King_Demo" */ = {
			isa = XCConfigurationList;
			buildConfigurations = (
				3CA4676C1EAE1A2700D54D8F /* Debug */,
				3CA4676D1EAE1A2700D54D8F /* Release */,
			);
			defaultConfigurationIsVisible = 0;
		};
		3CA4676E1EAE1A2700D54D8F /* Build configuration list for PBXNativeTarget "King_DemoTests" */ = {
			isa = XCConfigurationList;
			buildConfigurations = (
				3CA4676F1EAE1A2700D54D8F /* Debug */,
				3CA467701EAE1A2700D54D8F /* Release */,
			);
			defaultConfigurationIsVisible = 0;
		};
		3CA467711EAE1A2700D54D8F /* Build configuration list for PBXNativeTarget "King_DemoUITests" */ = {
			isa = XCConfigurationList;
			buildConfigurations = (
				3CA467721EAE1A2700D54D8F /* Debug */,
				3CA467731EAE1A2700D54D8F /* Release */,
			);
			defaultConfigurationIsVisible = 0;
		};
/* End XCConfigurationList section */
	};
	rootObject = 3CA4673B1EAE1A2600D54D8F /* Project object */;
}
